{
  "pid": 76996,
  "command": "task",
  "started_at": "2026-03-05T04:45:00.609053-08:00",
  "agent_name": "blaze",
  "task_id": "loomcli-tgfqf",
  "task_title": "Add integration test coverage for opencode/codex retry-after",
  "task_started_at": "2026-03-05T04:45:28.058958-08:00",
  "state": "active"
}