{
  "pid": 54359,
  "command": "task",
  "started_at": "2026-02-21T23:37:18.072327-08:00",
  "agent_name": "ember",
  "task_id": "loomcli-6yt5y.10",
  "task_title": "automode_tmux: fix escape sequence drain to handle long sequences",
  "task_started_at": "2026-02-21T23:37:31.620724-08:00",
  "state": "active"
}
